
Microsoft Visual Studio Solution File, Format Version 12.00
Project("{FAE04EC0-301F-11D3-BF4B-00C04F79EFBC}") = "VoltProjects.Server", "VoltProjects.Server\VoltProjects.Server.csproj", "{267760BE-AE59-4404-8D78-5673A000CB9C}"
EndProject
Global
	GlobalSection(SolutionConfigurationPlatforms) = preSolution
		Debug|Any CPU = Debug|Any CPU
		Release|Any CPU = Release|Any CPU
	EndGlobalSection
	GlobalSection(ProjectConfigurationPlatforms) = postSolution
		{267760BE-AE59-4404-8D78-5673A000CB9C}.Debug|Any CPU.ActiveCfg = Debug|Any CPU
		{267760BE-AE59-4404-8D78-5673A000CB9C}.Debug|Any CPU.Build.0 = Debug|Any CPU
		{267760BE-AE59-4404-8D78-5673A000CB9C}.Release|Any CPU.ActiveCfg = Release|Any CPU
		{267760BE-AE59-4404-8D78-5673A000CB9C}.Release|Any CPU.Build.0 = Release|Any CPU
	EndGlobalSection
EndGlobal
