
Microsoft Visual Studio Solution File, Format Version 12.00
Project("{FAE04EC0-301F-11D3-BF4B-00C04F79EFBC}") = "VoltProjects.Server", "VoltProjects.Server\VoltProjects.Server.csproj", "{267760BE-AE59-4404-8D78-5673A000CB9C}"
EndProject
Project("{FAE04EC0-301F-11D3-BF4B-00C04F79EFBC}") = "VoltProjects.DocsBuilder.Core", "VoltProjects.DocsBuilder.Core\VoltProjects.DocsBuilder.Core.csproj", "{01E41114-FCA5-427B-8ACF-17540F33E509}"
EndProject
Project("{FAE04EC0-301F-11D3-BF4B-00C04F79EFBC}") = "VoltProjects.DocsBuilder.DocFx", "VoltProjects.DocsBuilder.DocFx\VoltProjects.DocsBuilder.DocFx.csproj", "{4009BFD4-402E-433B-8327-9CFC1EC8C3C4}"
EndProject
Project("{2150E333-8FDC-42A3-9474-1A3956D46DE8}") = "DocsBuilder", "DocsBuilder", "{ADF9D636-E4DD-4BEF-8A11-D5C159E0D26F}"
EndProject
Project("{2150E333-8FDC-42A3-9474-1A3956D46DE8}") = "DocFx", "DocFx", "{F2B2A40C-DF59-464F-B316-916967857AA3}"
EndProject
Project("{FAE04EC0-301F-11D3-BF4B-00C04F79EFBC}") = "Microsoft.Docs.MarkdigExtensions", "ThirdParty\docfx\src\Microsoft.Docs.MarkdigExtensions\Microsoft.Docs.MarkdigExtensions.csproj", "{928908CA-371B-4232-B155-18FBAC105E6A}"
EndProject
Project("{FAE04EC0-301F-11D3-BF4B-00C04F79EFBC}") = "Microsoft.Docs.Build.Specialized", "ThirdParty\docfx\src\Microsoft.Docs.Build.Specialized\Microsoft.Docs.Build.Specialized.csproj", "{43C8E56A-A2C9-4578-81B8-36F306B2B846}"
EndProject
Project("{FAE04EC0-301F-11D3-BF4B-00C04F79EFBC}") = "docfx-api-dotnet", "ThirdParty\docfx\src\docfx-api-dotnet\docfx-api-dotnet.csproj", "{D56A5DA6-72D7-4590-89F6-86CD7C0CC3CF}"
EndProject
Project("{FAE04EC0-301F-11D3-BF4B-00C04F79EFBC}") = "docfx", "ThirdParty\docfx\src\docfx\docfx.csproj", "{317A23BD-42BB-4E0E-A47D-B84240879C4C}"
EndProject
Global
	GlobalSection(SolutionConfigurationPlatforms) = preSolution
		Debug|Any CPU = Debug|Any CPU
		Release|Any CPU = Release|Any CPU
	EndGlobalSection
	GlobalSection(ProjectConfigurationPlatforms) = postSolution
		{267760BE-AE59-4404-8D78-5673A000CB9C}.Debug|Any CPU.ActiveCfg = Debug|Any CPU
		{267760BE-AE59-4404-8D78-5673A000CB9C}.Debug|Any CPU.Build.0 = Debug|Any CPU
		{267760BE-AE59-4404-8D78-5673A000CB9C}.Release|Any CPU.ActiveCfg = Release|Any CPU
		{267760BE-AE59-4404-8D78-5673A000CB9C}.Release|Any CPU.Build.0 = Release|Any CPU
		{01E41114-FCA5-427B-8ACF-17540F33E509}.Debug|Any CPU.ActiveCfg = Debug|Any CPU
		{01E41114-FCA5-427B-8ACF-17540F33E509}.Debug|Any CPU.Build.0 = Debug|Any CPU
		{01E41114-FCA5-427B-8ACF-17540F33E509}.Release|Any CPU.ActiveCfg = Release|Any CPU
		{01E41114-FCA5-427B-8ACF-17540F33E509}.Release|Any CPU.Build.0 = Release|Any CPU
		{4009BFD4-402E-433B-8327-9CFC1EC8C3C4}.Debug|Any CPU.ActiveCfg = Debug|Any CPU
		{4009BFD4-402E-433B-8327-9CFC1EC8C3C4}.Debug|Any CPU.Build.0 = Debug|Any CPU
		{4009BFD4-402E-433B-8327-9CFC1EC8C3C4}.Release|Any CPU.ActiveCfg = Release|Any CPU
		{4009BFD4-402E-433B-8327-9CFC1EC8C3C4}.Release|Any CPU.Build.0 = Release|Any CPU
		{928908CA-371B-4232-B155-18FBAC105E6A}.Debug|Any CPU.ActiveCfg = Debug|Any CPU
		{928908CA-371B-4232-B155-18FBAC105E6A}.Debug|Any CPU.Build.0 = Debug|Any CPU
		{928908CA-371B-4232-B155-18FBAC105E6A}.Release|Any CPU.ActiveCfg = Release|Any CPU
		{928908CA-371B-4232-B155-18FBAC105E6A}.Release|Any CPU.Build.0 = Release|Any CPU
		{43C8E56A-A2C9-4578-81B8-36F306B2B846}.Debug|Any CPU.ActiveCfg = Debug|Any CPU
		{43C8E56A-A2C9-4578-81B8-36F306B2B846}.Debug|Any CPU.Build.0 = Debug|Any CPU
		{43C8E56A-A2C9-4578-81B8-36F306B2B846}.Release|Any CPU.ActiveCfg = Release|Any CPU
		{43C8E56A-A2C9-4578-81B8-36F306B2B846}.Release|Any CPU.Build.0 = Release|Any CPU
		{D56A5DA6-72D7-4590-89F6-86CD7C0CC3CF}.Debug|Any CPU.ActiveCfg = Debug|Any CPU
		{D56A5DA6-72D7-4590-89F6-86CD7C0CC3CF}.Debug|Any CPU.Build.0 = Debug|Any CPU
		{D56A5DA6-72D7-4590-89F6-86CD7C0CC3CF}.Release|Any CPU.ActiveCfg = Release|Any CPU
		{D56A5DA6-72D7-4590-89F6-86CD7C0CC3CF}.Release|Any CPU.Build.0 = Release|Any CPU
		{317A23BD-42BB-4E0E-A47D-B84240879C4C}.Debug|Any CPU.ActiveCfg = Debug|Any CPU
		{317A23BD-42BB-4E0E-A47D-B84240879C4C}.Debug|Any CPU.Build.0 = Debug|Any CPU
		{317A23BD-42BB-4E0E-A47D-B84240879C4C}.Release|Any CPU.ActiveCfg = Release|Any CPU
		{317A23BD-42BB-4E0E-A47D-B84240879C4C}.Release|Any CPU.Build.0 = Release|Any CPU
	EndGlobalSection
	GlobalSection(NestedProjects) = preSolution
		{01E41114-FCA5-427B-8ACF-17540F33E509} = {ADF9D636-E4DD-4BEF-8A11-D5C159E0D26F}
		{4009BFD4-402E-433B-8327-9CFC1EC8C3C4} = {ADF9D636-E4DD-4BEF-8A11-D5C159E0D26F}
		{F2B2A40C-DF59-464F-B316-916967857AA3} = {ADF9D636-E4DD-4BEF-8A11-D5C159E0D26F}
		{928908CA-371B-4232-B155-18FBAC105E6A} = {F2B2A40C-DF59-464F-B316-916967857AA3}
		{43C8E56A-A2C9-4578-81B8-36F306B2B846} = {F2B2A40C-DF59-464F-B316-916967857AA3}
		{D56A5DA6-72D7-4590-89F6-86CD7C0CC3CF} = {F2B2A40C-DF59-464F-B316-916967857AA3}
		{317A23BD-42BB-4E0E-A47D-B84240879C4C} = {F2B2A40C-DF59-464F-B316-916967857AA3}
	EndGlobalSection
EndGlobal
