
Microsoft Visual Studio Solution File, Format Version 12.00
Project("{FAE04EC0-301F-11D3-BF4B-00C04F79EFBC}") = "VoltProjects.Server", "VoltProjects.Server\VoltProjects.Server.csproj", "{267760BE-AE59-4404-8D78-5673A000CB9C}"
EndProject
Project("{2150E333-8FDC-42A3-9474-1A3956D46DE8}") = "Properties", "Properties", "{73218599-D804-4CD5-8CD3-BF36BA63A0DC}"
	ProjectSection(SolutionItems) = preProject
		Directory.Build.props = Directory.Build.props
		version.json = version.json
	EndProjectSection
EndProject
Global
	GlobalSection(SolutionConfigurationPlatforms) = preSolution
		Debug|Any CPU = Debug|Any CPU
		Release|Any CPU = Release|Any CPU
	EndGlobalSection
	GlobalSection(ProjectConfigurationPlatforms) = postSolution
		{267760BE-AE59-4404-8D78-5673A000CB9C}.Debug|Any CPU.ActiveCfg = Debug|Any CPU
		{267760BE-AE59-4404-8D78-5673A000CB9C}.Debug|Any CPU.Build.0 = Debug|Any CPU
		{267760BE-AE59-4404-8D78-5673A000CB9C}.Release|Any CPU.ActiveCfg = Release|Any CPU
		{267760BE-AE59-4404-8D78-5673A000CB9C}.Release|Any CPU.Build.0 = Release|Any CPU
	EndGlobalSection
	GlobalSection(NestedProjects) = preSolution
	EndGlobalSection
EndGlobal
